
Microsoft Visual Studio Solution File, Format Version 12.00
# Visual Studio Version 17
VisualStudioVersion = 17.10.34607.79
MinimumVisualStudioVersion = 10.0.40219.1
Project("{FAE04EC0-301F-11D3-BF4B-00C04F79EFBC}") = "Kesshcha", "Kesshcha\Kesshcha.csproj", "{3B952E3A-1636-4930-94E3-85C8FCC9313B}"
EndProject
Global
	GlobalSection(SolutionConfigurationPlatforms) = preSolution
		Debug|Any CPU = Debug|Any CPU
		Release|Any CPU = Release|Any CPU
	EndGlobalSection
	GlobalSection(ProjectConfigurationPlatforms) = postSolution
		{3B952E3A-1636-4930-94E3-85C8FCC9313B}.Debug|Any CPU.ActiveCfg = Debug|Any CPU
		{3B952E3A-1636-4930-94E3-85C8FCC9313B}.Debug|Any CPU.Build.0 = Debug|Any CPU
		{3B952E3A-1636-4930-94E3-85C8FCC9313B}.Release|Any CPU.ActiveCfg = Release|Any CPU
		{3B952E3A-1636-4930-94E3-85C8FCC9313B}.Release|Any CPU.Build.0 = Release|Any CPU
	EndGlobalSection
	GlobalSection(SolutionProperties) = preSolution
		HideSolutionNode = FALSE
	EndGlobalSection
	GlobalSection(ExtensibilityGlobals) = postSolution
		SolutionGuid = {C52EA936-0A5C-4296-8C83-93DCADF62F9A}
	EndGlobalSection
EndGlobal
